{"SurveyEntry":{"SurveyID":"SV_3Ct6KFLCWe4Lnb8","SurveyName":"CyberballOS QSF 2","SurveyDescription":null,"SurveyOwnerID":"UR_0858TBnwDQ0NhWJ","SurveyBrandID":"osunewarkcotc","DivisionID":"DV_0NEwxVROd97dnDL","SurveyLanguage":"EN","SurveyActiveResponseSet":"RS_eR3Y55RXxRby4US","SurveyStatus":"Inactive","SurveyStartDate":"0000-00-00 00:00:00","SurveyExpirationDate":"0000-00-00 00:00:00","SurveyCreationDate":"2026-04-20 09:45:05","CreatorID":"UR_0858TBnwDQ0NhWJ","LastModified":"2026-04-20 11:09:42","LastAccessed":"0000-00-00 00:00:00","LastActivated":"0000-00-00 00:00:00","Deleted":null},"SurveyElements":[{"SurveyID":"SV_3Ct6KFLCWe4Lnb8","Element":"BL","PrimaryAttribute":"Survey Blocks","SecondaryAttribute":null,"TertiaryAttribute":null,"Payload":{"1":{"Type":"Trash","Description":"Trash \/ Unused Questions","ID":"BL_2uFgC4wjGi0vtlA","BlockElements":[],"Options":{"BlockLocking":"false","RandomizeQuestions":"false","BlockVisibility":"Collapsed"}},"5":{"Type":"Standard","SubType":"","Description":"Cyberball\u00a0","ID":"BL_d3W3hQx5f3SWeR8","BlockElements":[{"Type":"Question","QuestionID":"QID1218668456"},{"Type":"Question","QuestionID":"QID1218668457"},{"Type":"Page Break"},{"Type":"Question","QuestionID":"QID1218668467"},{"Type":"Question","QuestionID":"QID1218668468"},{"Type":"Page Break"},{"Type":"Question","QuestionID":"QID32"},{"Type":"Page Break"},{"Type":"Question","QuestionID":"QID7"}],"Options":{"BlockLocking":false,"RandomizeQuestions":"false","BlockVisibility":"Expanded"}}}},{"SurveyID":"SV_3Ct6KFLCWe4Lnb8","Element":"FL","PrimaryAttribute":"Survey Flow","SecondaryAttribute":null,"TertiaryAttribute":null,"Payload":{"Type":"Root","FlowID":"FL_1","Flow":[{"Type":"EmbeddedData","FlowID":"FL_2","EmbeddedData":[{"Description":"game_log","Type":"Recipient","Field":"game_log","VariableType":"String","DataVisibility":[],"AnalyzeText":false},{"Description":"throws_formatted","Type":"Recipient","Field":"throws_formatted","VariableType":"String","DataVisibility":[],"AnalyzeText":false},{"Description":"total_throws","Type":"Recipient","Field":"total_throws","VariableType":"String","DataVisibility":[],"AnalyzeText":false},{"Description":"Player_1_to_Player_2","Type":"Recipient","Field":"Player_1_to_Player_2","VariableType":"Scale","DataVisibility":[]},{"Description":"Player_1_to_Player_3","Type":"Recipient","Field":"Player_1_to_Player_3","VariableType":"Scale","DataVisibility":[]},{"Description":"Player_2_to_Player_1","Type":"Recipient","Field":"Player_2_to_Player_1","VariableType":"Scale","DataVisibility":[]},{"Description":"Player_2_to_Player_3","Type":"Recipient","Field":"Player_2_to_Player_3","VariableType":"Scale","DataVisibility":[]},{"Description":"Player_3_to_Player_1","Type":"Recipient","Field":"Player_3_to_Player_1","VariableType":"Scale","DataVisibility":[]},{"Description":"Player_3_to_Player_2","Type":"Recipient","Field":"Player_3_to_Player_2","VariableType":"Scale","DataVisibility":[]},{"Description":"Player_1_to_Player_4","Type":"Recipient","Field":"Player_1_to_Player_4","VariableType":"Scale","DataVisibility":[]},{"Description":"Player_2_to_Player_4","Type":"Recipient","Field":"Player_2_to_Player_4","VariableType":"Scale","DataVisibility":[]},{"Description":"Player_3_to_Player_4","Type":"Recipient","Field":"Player_3_to_Player_4","VariableType":"Scale","DataVisibility":[]},{"Description":"Player_4_to_Player_1","Type":"Recipient","Field":"Player_4_to_Player_1","VariableType":"Scale","DataVisibility":[]},{"Description":"Player_4_to_Player_2","Type":"Recipient","Field":"Player_4_to_Player_2","VariableType":"Scale","DataVisibility":[]},{"Description":"Player_4_to_Player_3","Type":"Recipient","Field":"Player_4_to_Player_3","VariableType":"Scale","DataVisibility":[]}]},{"Type":"Standard","ID":"BL_d3W3hQx5f3SWeR8","FlowID":"FL_4","Autofill":[]},{"Type":"EndSurvey","FlowID":"FL_3"}],"Properties":{"Count":8}}},{"SurveyID":"SV_3Ct6KFLCWe4Lnb8","Element":"PL","PrimaryAttribute":"Preview Link","SecondaryAttribute":null,"TertiaryAttribute":null,"Payload":{"PreviewType":"Brand","PreviewID":"87125993-a806-41b1-b197-59df6ff3d3cc"}},{"SurveyID":"SV_3Ct6KFLCWe4Lnb8","Element":"PROJ","PrimaryAttribute":"CORE","SecondaryAttribute":null,"TertiaryAttribute":"1.1.0","Payload":{"ProjectCategory":"CORE","SchemaVersion":"1.1.0"}},{"SurveyID":"SV_3Ct6KFLCWe4Lnb8","Element":"QC","PrimaryAttribute":"Survey Question Count","SecondaryAttribute":"33","TertiaryAttribute":null,"Payload":null},{"SurveyID":"SV_3Ct6KFLCWe4Lnb8","Element":"RS","PrimaryAttribute":"RS_eR3Y55RXxRby4US","SecondaryAttribute":"Default Response Set","TertiaryAttribute":null,"Payload":null},{"SurveyID":"SV_3Ct6KFLCWe4Lnb8","Element":"SCO","PrimaryAttribute":"Scoring","SecondaryAttribute":null,"TertiaryAttribute":null,"Payload":{"ScoringCategories":[],"ScoringCategoryGroups":[],"ScoringSummaryCategory":null,"ScoringSummaryAfterQuestions":0,"ScoringSummaryAfterSurvey":0,"DefaultScoringCategory":null,"AutoScoringCategory":null}},{"SurveyID":"SV_3Ct6KFLCWe4Lnb8","Element":"SO","PrimaryAttribute":"Survey Options","SecondaryAttribute":null,"TertiaryAttribute":null,"Payload":{"BackButton":"false","SaveAndContinue":"true","SurveyProtection":"PublicSurvey","BallotBoxStuffingPrevention":"false","NoIndex":"Yes","SecureResponseFiles":"true","SurveyExpiration":"None","SurveyTermination":"DefaultMessage","Header":"","Footer":"","ProgressBarDisplay":"None","PartialData":"+1 week","ValidationMessage":"","PreviousButton":" \u2190 ","NextButton":" \u2192 ","SurveyTitle":"Qualtrics Survey | Qualtrics Experience Management","SkinLibrary":"osunewarkcotc","SkinType":"MQ","Skin":"osunewarkcotc1","NewScoring":1,"SurveyMetaDescription":"The most powerful, simple and trusted way to gather experience data. Start your journey to experience management and try a free account today.","SurveyName":"CyberballOS QSF 2"}},{"SurveyID":"SV_3Ct6KFLCWe4Lnb8","Element":"SQ","PrimaryAttribute":"QID1218668456","SecondaryAttribute":"\u00a0 Hello!\u00a0Welcome to Cyberball, the Interactive Ball-Tossing Game Used for Mental\u00a0Visualization! ","TertiaryAttribute":null,"Payload":{"QuestionText":"<div style=\"text-align: center;\"><img height=\"143\" src=\"https:\/\/osunewarkcotc.az1.qualtrics.com\/CP\/Graphic.php?IM=IM_eIDT6Yoq6ikh5pH\" width=\"145\" \/><br \/>\n<img src=\"https:\/\/osunewarkcotc.az1.qualtrics.com\/CP\/Graphic.php?IM=IM_4UeftpqKeQizXrn\" \/><br \/>\n<span style=\"font-size:22px;\"><span style=\"color:#000000;\">&nbsp;<\/span><\/span><br \/>\n<span style=\"color:#000000;\"><span style=\"font-size:24px;\">Hello!&nbsp;Welcome to Cyberball, the Interactive Ball-Tossing Game<br \/>\nUsed for Mental&nbsp;Visualization!<\/span><\/span><\/div>\n\n<div style=\"text-align: center;\"><span style=\"color:#000000;\"><span style=\"font-size:24px;\">&nbsp;<\/span><\/span><\/div>\n\n<div style=\"text-align: left;\"><span style=\"color:#000000;\"><span style=\"font-size:24px;\">In the upcoming experiment, we will test the effects of practicing mental visualization on task performance. Thus, we need you to practice your mental visualization skills. We have found that the best way to do this is to have you play an on-line ball tossing game with other participants who are logged on at the same time.<br \/>\n&nbsp;<br \/>\nIn a few moments, you will be playing a ball tossing game with other participants. The game is very simple. When the ball is tossed to you, simply click on the player you want to throw it to. When the game is over, the experiment will give you additional instructions.<br \/>\n&nbsp;<br \/>\nWhat is important is not your ball tossing performance, but that you&nbsp;<b><i>MENTALLY VISUALIZE<\/i><\/b>&nbsp;the entire experience. Imagine what the others look like. What sort of people are they? Where are you playing? Is it warm and sunny or cold and rainy? Create in your mind a complete mental picture of what might be going on if you were playing this game in real life.<\/span><\/span><\/div>\n\n<div style=\"text-align: center;\"><span style=\"color:#000000;\"><span style=\"font-size:24px;\">&nbsp;<br \/>\nOkay, ready to begin? Please click on the red arrow button to start!<\/span><\/span><\/div>","DefaultChoices":false,"QuestionType":"DB","Selector":"TB","Configuration":{"QuestionDescriptionOption":"UseText","InputWidth":328,"InputHeight":29},"QuestionDescription":"\u00a0 Hello!\u00a0Welcome to Cyberball, the Interactive Ball-Tossing Game Used for Mental\u00a0Visualization! \u00a0...","ChoiceOrder":[],"Validation":{"Settings":{"Type":"None"}},"GradingData":[],"Language":[],"NextChoiceId":4,"NextAnswerId":1,"DataVisibility":{"Private":false,"Hidden":false},"QuestionText_Unsafe":"<div style=\"text-align: center;\"><img height=\"143\" src=\"https:\/\/osunewarkcotc.az1.qualtrics.com\/CP\/Graphic.php?IM=IM_eIDT6Yoq6ikh5pH\" width=\"145\"><br>\n<img src=\"https:\/\/osunewarkcotc.az1.qualtrics.com\/CP\/Graphic.php?IM=IM_4UeftpqKeQizXrn\"><br>\n<span style=\"font-size:22px;\"><span style=\"color:#000000;\">&nbsp;<br>\nHello!&nbsp;<\/span><\/span><span style=\"color: rgb(0, 0, 0); font-size: 22px;\">Welcome to Cyberball, the Interactive Ball-Tossing Game Used for Mental&nbsp;Visualization!<\/span><\/div><div style=\"text-align: center;\"><span style=\"font-size:22px;\"><span style=\"color:#000000;\">\n&nbsp;<br>\nIn the upcoming experiment, we will test the effects of practicing mental visualization on task performance. Thus, we need you to practice your mental visualization skills. We have found that the best way to do this is to have you play an on-line ball tossing game with other participants who are logged on at the same time.<br>\n&nbsp;<br>\nIn a few moments, you will be playing a ball tossing game with other Prolific workers. The game is very simple. When the ball is tossed to you, simply click on the player you want to throw it to. When the game is over, the experiment will give you additional instructions.<br>\n&nbsp;<br>\nWhat is important is not your ball tossing performance, but that you&nbsp;<b><i>MENTALLY VISUALIZE<\/i><\/b>&nbsp;the entire experience. Imagine what the others look like. What sort of people are they? Where are you playing? Is it warm and sunny or cold and rainy? Create in your mind a complete mental picture of what might be going on if you were playing this game in real life.<br>\n&nbsp;<br>\nOkay, ready to begin? Please click on the red arrow button to start!<\/span><\/span><\/div>","DataExportTag":"CballInstr","QuestionID":"QID1218668456"}},{"SurveyID":"SV_3Ct6KFLCWe4Lnb8","Element":"SQ","PrimaryAttribute":"QID1218668457","SecondaryAttribute":"Timing","TertiaryAttribute":null,"Payload":{"QuestionText":"Timing","DefaultChoices":false,"QuestionType":"Timing","Selector":"PageTimer","Configuration":{"QuestionDescriptionOption":"UseText","MinSeconds":10,"MaxSeconds":"0"},"QuestionDescription":"Timing","Choices":{"1":{"Display":"First Click"},"2":{"Display":"Last Click"},"3":{"Display":"Page Submit"},"4":{"Display":"Click Count"}},"GradingData":[],"Language":[],"NextChoiceId":80,"NextAnswerId":1,"QuestionText_Unsafe":"Timing","DataVisibility":{"Private":false,"Hidden":false},"DataExportTag":"CballinstTimer","QuestionID":"QID1218668457"}},{"SurveyID":"SV_3Ct6KFLCWe4Lnb8","Element":"SQ","PrimaryAttribute":"QID1218668467","SecondaryAttribute":"Please wait while we load you and other participants into the game. \u00a0 \u00a0","TertiaryAttribute":null,"Payload":{"QuestionText":"<div style=\"text-align: center;\"><span style=\"color:#000000;\"><span style=\"font-size:22px;\">Please wait while we load you and other participants into the game.<\/span><\/span><\/div><div style=\"text-align: center;\"><span style=\"color:#000000;\"><span style=\"font-size:22px;\"><br><\/span><\/span><\/div>\n\n<div style=\"text-align: center;\"><img style=\"width: 256px; height: 256px;\" src=\"https:\/\/osunewarkcotc.az1.qualtrics.com\/CP\/Graphic.php?IM=IM_0OjSfKIMqr3yLFs\"><\/div>\n\n<div style=\"text-align: center;\">&nbsp;<\/div>\n\n<div style=\"text-align: center;\">&nbsp;<\/div>","QuestionJS":false,"DefaultChoices":false,"QuestionType":"DB","Selector":"TB","DataVisibility":{"Private":false,"Hidden":false},"Configuration":{"QuestionDescriptionOption":"UseText"},"QuestionDescription":"Please wait while we load you and other participants into the game. \u00a0 \u00a0","ChoiceOrder":[],"Validation":{"Settings":{"Type":"None"}},"GradingData":[],"Language":[],"NextChoiceId":1,"NextAnswerId":1,"Graphics":"IM_3OSf1lL0TJhMr8V","GraphicsDescription":"Player Load_V1","QuestionText_Unsafe":"<div style=\"text-align: center;\"><span style=\"color:#000000;\"><span style=\"font-size:22px;\">Please wait while we load you and other participants into the game.<\/span><\/span><\/div><div style=\"text-align: center;\"><span style=\"color:#000000;\"><span style=\"font-size:22px;\"><br><\/span><\/span><\/div>\n\n<div style=\"text-align: center;\"><img style=\"width: 256px; height: 256px;\" src=\"https:\/\/osunewarkcotc.az1.qualtrics.com\/CP\/Graphic.php?IM=IM_0OjSfKIMqr3yLFs\"><\/div>\n\n<div style=\"text-align: center;\">&nbsp;<\/div>\n\n<div style=\"text-align: center;\">&nbsp;<\/div>","DataExportTag":"Cballplayerload","QuestionID":"QID1218668467"}},{"SurveyID":"SV_3Ct6KFLCWe4Lnb8","Element":"SQ","PrimaryAttribute":"QID1218668468","SecondaryAttribute":"Timing","TertiaryAttribute":null,"Payload":{"QuestionText":"Timing","DefaultChoices":false,"QuestionType":"Timing","Selector":"PageTimer","DataVisibility":{"Private":false,"Hidden":false},"Configuration":{"QuestionDescriptionOption":"UseText","MinSeconds":20,"MaxSeconds":4},"QuestionDescription":"Timing","Choices":{"1":{"Display":"First Click"},"2":{"Display":"Last Click"},"3":{"Display":"Page Submit"},"4":{"Display":"Click Count"}},"GradingData":[],"Language":[],"NextChoiceId":388,"NextAnswerId":1,"QuestionText_Unsafe":"Timing","DataExportTag":"CballplayerloadTimer","QuestionID":"QID1218668468"}},{"SurveyID":"SV_3Ct6KFLCWe4Lnb8","Element":"SQ","PrimaryAttribute":"QID32","SecondaryAttribute":"To insert your CyberballOS game into this Qualtrics question, first copy the embedded code availa...","TertiaryAttribute":null,"Payload":{"QuestionText":"<span style=\"color:#000000;\">To insert your CyberballOS game into this Qualtrics question, first copy the embedded code available on the last screen of the CyberballOS Configuration Builder. To use the embedded code to insert the CyberballOS game, click the HTML View tab in the upper right-hand corner of this question. Once the HTML View opens, paste the embedded code and click Save. Your CyberballOS game should now appear in this window and be ready to use. If you have further questions, you can go to <a href=\"https:\/\/cyberball.osu.edu\/#\/help\" target=\"_blank\">https:\/\/cyberball.osu.edu\/#\/help<\/a><\/span>","DefaultChoices":false,"DataExportTag":"Cyberball Template","QuestionType":"DB","Selector":"TB","DataVisibility":{"Private":false,"Hidden":false},"Configuration":{"QuestionDescriptionOption":"UseText"},"QuestionDescription":"To insert your CyberballOS game into this Qualtrics question, first copy the embedded code availa...","ChoiceOrder":[],"Validation":{"Settings":{"Type":"None"}},"GradingData":[],"Language":[],"NextChoiceId":4,"NextAnswerId":1,"QuestionID":"QID32","QuestionJS":"Qualtrics.SurveyEngine.addOnload(function() {\n    this.hideNextButton();\n});\n \nQualtrics.SurveyEngine.addOnReady(function() {\n    let that = this;\n \n    function handleSurveyMessage(msg) {\n        \/\/ Ignore anything that isn't our game data\n        if (!msg.data || typeof msg.data !== 'object') return;\n        if (!msg.data.game_log) return;\n \n        for (const [key, value] of Object.entries(msg.data)) {\n            if (key === \"player_throws_list\") {\n                for (const [throwPath, numThrows] of Object.entries(value)) {\n                    Qualtrics.SurveyEngine.setEmbeddedData(throwPath, numThrows);\n                }\n            } else {\n                Qualtrics.SurveyEngine.setEmbeddedData(key, JSON.stringify(value));\n            }\n        }\n \n        setTimeout(() => { \n            that.clickNextButton();\n        }, 3000);\n    }\n \n    window.addEventListener('message', handleSurveyMessage);\n});"}},{"SurveyID":"SV_3Ct6KFLCWe4Lnb8","Element":"SQ","PrimaryAttribute":"QID7","SecondaryAttribute":" ","TertiaryAttribute":null,"Payload":{"QuestionText":"<iframe id=\"cyberball\" width=\"100%\" height=\"580\" src=\"https:\/\/cyberball-dev.org.ohio-state.edu#game?settings=eyJwbGF5ZXIiOnsibmFtZSI6IlBsYXllciAxIiwidGludCI6IiNmZmZmZmYiLCJwb3J0cmFpdEJ1ZmYiOiIiLCJsZWF2ZVRyaWdnZXIiOjAsImxlYXZlVHVybiI6MTAsImxlYXZlVHVyblZhcmlhbmNlIjowLCJsZWF2ZVRpbWUiOjQwMDAwLCJsZWF2ZVRpbWVWYXJpYW5jZSI6MCwibGVhdmVJZ25vcmVkIjo0LCJsZWF2ZUlnbm9yZWRWYXJpYW5jZSI6MCwibGVhdmVUaW1lSWdub3JlZCI6MTUwMDAsImxlYXZlVGltZUlnbm9yZWRWYXJpYW5jZSI6MCwibGVhdmVPdGhlckxlYXZlciI6MX0sImNvbXB1dGVyUGxheWVycyI6W3sibmFtZSI6IlBsYXllciAyIiwidGludCI6IiNmZmZmZmYiLCJwb3J0cmFpdEJ1ZmYiOiIiLCJ0YXJnZXRQcmVmZXJlbmNlIjpbNTAsMCw1MF0sInRocm93RGVsYXkiOjUwMCwidGhyb3dEZWxheVZhcmlhbmNlIjoyMDAsImNhdGNoRGVsYXkiOjUwMCwiY2F0Y2hEZWxheVZhcmlhbmNlIjoyMDB9LHsibmFtZSI6IlBsYXllciAzIiwidGludCI6IiNmZmZmZmYiLCJwb3J0cmFpdEJ1ZmYiOiIiLCJ0YXJnZXRQcmVmZXJlbmNlIjpbNTAsNTAsMF0sInRocm93RGVsYXkiOjUwMCwidGhyb3dEZWxheVZhcmlhbmNlIjoyMDAsImNhdGNoRGVsYXkiOjUwMCwiY2F0Y2hEZWxheVZhcmlhbmNlIjoyMDB9XSwidGhyb3dDb3VudCI6MTAsInRpbWVMaW1pdCI6MTIwMDAwLCJkaXNwbGF5VGltZUxpbWl0IjpmYWxzZSwidGltZUxpbWl0VGV4dCI6IlRpbWUgTGltaXQ6IiwiYmFsbFNwZWVkIjo1MDAsImJhc2VVcmwiOiJhc3NldHMiLCJiYWxsU3ByaXRlIjoiYmFsbC5wbmciLCJ1c2VTY2hlZHVsZSI6ZmFsc2UsInNjaGVkdWxlSG9ub3JzVGhyb3dDb3VudCI6ZmFsc2UsInNjaGVkdWxlIjpbMSwyLDAsMSwyLDAsMSwyLDAsMSwyLDBdLCJzY2hlZHVsZVRleHQiOnt9LCJzZWxlY3RlZEdhbWVPdmVyQ29uZGl0aW9uIjoidGhyb3dDb3VudCIsImJhbGxUaW50IjoiI2ZmZmZmZiIsImRpc3BsYXlCYWxsU2V0dGluZ3MiOmZhbHNlLCJwb3J0cmFpdEhlaWdodCI6NzUsInBvcnRyYWl0UGFkZGluZyI6MTAsInVzZUNvcnNQcm94eSI6dHJ1ZSwiZ2FtZU92ZXJUZXh0IjoiR2FtZSBPdmVyIiwiZ2FtZU92ZXJPcGFjaXR5IjowLjUsImRpc3BsYXlQbGF5ZXJDdXN0b21pemF0aW9ucyI6ZmFsc2UsImRpc3BsYXlQbGF5ZXJMZWF2ZVRyaWdnZXJzIjpmYWxzZSwiZGVmYXVsdFBvcnRyYWl0cyI6WyJodHRwczovL29zdW5ld2Fya2NvdGMucGR4MS5xdWFsdHJpY3MuY29tL0NvbnRyb2xQYW5lbC9HcmFwaGljLnBocD9JTT1JTV9GRDRNdXlFOXh2WHN3NE4iLCJodHRwczovL29zdW5ld2Fya2NvdGMucGR4MS5xdWFsdHJpY3MuY29tL0NvbnRyb2xQYW5lbC9HcmFwaGljLnBocD9JTT1JTV85V0FCMTB6dmNOcFlDYXkiLCJodHRwczovL29zdW5ld2Fya2NvdGMucGR4MS5xdWFsdHJpY3MuY29tL0NvbnRyb2xQYW5lbC9HcmFwaGljLnBocD9JTT1JTV85TjhRNlRpZEtJYm1tQ0ciLCJodHRwczovL29zdW5ld2Fya2NvdGMucGR4MS5xdWFsdHJpY3MuY29tL0NvbnRyb2xQYW5lbC9HcmFwaGljLnBocD9JTT1JTV81MENPY2ZMSVFIQkdHUm8iLCJodHRwczovL29zdW5ld2Fya2NvdGMucGR4MS5xdWFsdHJpY3MuY29tL0NvbnRyb2xQYW5lbC9HcmFwaGljLnBocD9JTT1JTV9jTmtwaHZpRDhsVzZBdWkiLCJodHRwczovL29zdW5ld2Fya2NvdGMucGR4MS5xdWFsdHJpY3MuY29tL0NvbnRyb2xQYW5lbC9HcmFwaGljLnBocD9JTT1JTV9lYU8zUTJFMnpJSEdpbFUiLCJodHRwczovL29zdW5ld2Fya2NvdGMucGR4MS5xdWFsdHJpY3MuY29tL0NvbnRyb2xQYW5lbC9HcmFwaGljLnBocD9JTT1JTV9jQ3VsU1NwYjd5ZGhPOFMiLCJodHRwczovL29zdW5ld2Fya2NvdGMucGR4MS5xdWFsdHJpY3MuY29tL0NvbnRyb2xQYW5lbC9HcmFwaGljLnBocD9JTT1JTV8wR3RtOU1STndOZVBvOTAiLCJodHRwczovL29zdW5ld2Fya2NvdGMucGR4MS5xdWFsdHJpY3MuY29tL0NvbnRyb2xQYW5lbC9HcmFwaGljLnBocD9JTT1JTV9lQTBXVWlQNHM2eGZlbGciLCJodHRwczovL29zdW5ld2Fya2NvdGMucGR4MS5xdWFsdHJpY3MuY29tL0NvbnRyb2xQYW5lbC9HcmFwaGljLnBocD9JTT1JTV81bVNDeVVvcUNsZ0w1Zm8iLCJodHRwczovL29zdW5ld2Fya2NvdGMucGR4MS5xdWFsdHJpY3MuY29tL0NvbnRyb2xQYW5lbC9HcmFwaGljLnBocD9JTT1JTV9lbGhaOGdWNHJhMTBUSXkiLCJodHRwczovL29zdW5ld2Fya2NvdGMucGR4MS5xdWFsdHJpY3MuY29tL0NvbnRyb2xQYW5lbC9HcmFwaGljLnBocD9JTT1JTV9kY0tjTWtONDZvMGJ4ZUMiLCJodHRwczovL29zdW5ld2Fya2NvdGMucGR4MS5xdWFsdHJpY3MuY29tL0NvbnRyb2xQYW5lbC9HcmFwaGljLnBocD9JTT1JTV83V2hHVW40SWZxS2w3cW0iLCJodHRwczovL29zdW5ld2Fya2NvdGMucGR4MS5xdWFsdHJpY3MuY29tL0NvbnRyb2xQYW5lbC9HcmFwaGljLnBocD9JTT1JTV8wcWF5UmJhd2ZWaDNTZkEiLCJodHRwczovL29zdW5ld2Fya2NvdGMucGR4MS5xdWFsdHJpY3MuY29tL0NvbnRyb2xQYW5lbC9HcmFwaGljLnBocD9JTT1JTV9iMkZXVTcyYTFwQVBCZlUiLCJodHRwczovL29zdW5ld2Fya2NvdGMucGR4MS5xdWFsdHJpY3MuY29tL0NvbnRyb2xQYW5lbC9HcmFwaGljLnBocD9JTT1JTV80VHVqVE5KR3ZFYTlqZk0iLCJodHRwczovL29zdW5ld2Fya2NvdGMucGR4MS5xdWFsdHJpY3MuY29tL0NvbnRyb2xQYW5lbC9HcmFwaGljLnBocD9JTT1JTV84MFVGeU1Jd1JQdmxoYnciLCJodHRwczovL29zdW5ld2Fya2NvdGMucGR4MS5xdWFsdHJpY3MuY29tL0NvbnRyb2xQYW5lbC9HcmFwaGljLnBocD9JTT1JTV85eXJoYXJrV3duYkNSN2ciXSwiaGFzUG9ydHJhaXRzIjpmYWxzZX0=\"><\/iframe>","DefaultChoices":false,"DataExportTag":"Example Game","QuestionType":"DB","Selector":"TB","DataVisibility":{"Private":false,"Hidden":false},"Configuration":{"QuestionDescriptionOption":"UseText"},"QuestionDescription":" ","ChoiceOrder":[],"Validation":{"Settings":{"Type":"None"}},"GradingData":[],"Language":[],"NextChoiceId":4,"NextAnswerId":1,"QuestionID":"QID7","QuestionJS":"Qualtrics.SurveyEngine.addOnload(function() {\n    this.hideNextButton();\n});\n \nQualtrics.SurveyEngine.addOnReady(function() {\n    let that = this;\n \n    function handleSurveyMessage(msg) {\n        \/\/ Ignore anything that isn't our game data\n        if (!msg.data || typeof msg.data !== 'object') return;\n        if (!msg.data.game_log) return;\n \n        for (const [key, value] of Object.entries(msg.data)) {\n            if (key === \"player_throws_list\") {\n                for (const [throwPath, numThrows] of Object.entries(value)) {\n                    Qualtrics.SurveyEngine.setEmbeddedData(throwPath, numThrows);\n                }\n            } else {\n                Qualtrics.SurveyEngine.setEmbeddedData(key, JSON.stringify(value));\n            }\n        }\n \n        setTimeout(() => { \n            that.clickNextButton();\n        }, 3000);\n    }\n \n    window.addEventListener('message', handleSurveyMessage);\n});"}},{"SurveyID":"SV_3Ct6KFLCWe4Lnb8","Element":"STAT","PrimaryAttribute":"Survey Statistics","SecondaryAttribute":null,"TertiaryAttribute":null,"Payload":{"MobileCompatible":true,"ID":"Survey Statistics"}}]}